
Microsoft Visual Studio Solution File, Format Version 12.00
Project("{FAE04EC0-301F-11D3-BF4B-00C04F79EFBC}") = "ExecutableTestTool", "ExecutableTestTool\ExecutableTestTool.csproj", "{895FE13E-9351-42E7-9E09-6D0BF08CEF2C}"
EndProject
Project("{FAE04EC0-301F-11D3-BF4B-00C04F79EFBC}") = "SamplePlugin", "SamplePlugin\SamplePlugin.csproj", "{4AFE39C4-0298-438E-AA9C-087DB3649CEA}"
EndProject
Global
	GlobalSection(SolutionConfigurationPlatforms) = preSolution
		Debug|Any CPU = Debug|Any CPU
		Release|Any CPU = Release|Any CPU
	EndGlobalSection
	GlobalSection(ProjectConfigurationPlatforms) = postSolution
		{895FE13E-9351-42E7-9E09-6D0BF08CEF2C}.Debug|Any CPU.ActiveCfg = Debug|Any CPU
		{895FE13E-9351-42E7-9E09-6D0BF08CEF2C}.Debug|Any CPU.Build.0 = Debug|Any CPU
		{895FE13E-9351-42E7-9E09-6D0BF08CEF2C}.Release|Any CPU.ActiveCfg = Release|Any CPU
		{895FE13E-9351-42E7-9E09-6D0BF08CEF2C}.Release|Any CPU.Build.0 = Release|Any CPU
		{4AFE39C4-0298-438E-AA9C-087DB3649CEA}.Debug|Any CPU.ActiveCfg = Debug|Any CPU
		{4AFE39C4-0298-438E-AA9C-087DB3649CEA}.Debug|Any CPU.Build.0 = Debug|Any CPU
		{4AFE39C4-0298-438E-AA9C-087DB3649CEA}.Release|Any CPU.ActiveCfg = Release|Any CPU
		{4AFE39C4-0298-438E-AA9C-087DB3649CEA}.Release|Any CPU.Build.0 = Release|Any CPU
	EndGlobalSection
EndGlobal
